
Microsoft Visual Studio Solution File, Format Version 12.00
# Visual Studio 15
VisualStudioVersion = 15.0.28307.271
MinimumVisualStudioVersion = 10.0.40219.1
Project("{FAE04EC0-301F-11D3-BF4B-00C04F79EFBC}") = "DatatypeProgram", "DatatypeProgram\DatatypeProgram.csproj", "{3DDD9178-CEB3-4AD2-94EC-60032F277438}"
EndProject
Global
	GlobalSection(SolutionConfigurationPlatforms) = preSolution
		Debug|Any CPU = Debug|Any CPU
		Release|Any CPU = Release|Any CPU
	EndGlobalSection
	GlobalSection(ProjectConfigurationPlatforms) = postSolution
		{3DDD9178-CEB3-4AD2-94EC-60032F277438}.Debug|Any CPU.ActiveCfg = Debug|Any CPU
		{3DDD9178-CEB3-4AD2-94EC-60032F277438}.Debug|Any CPU.Build.0 = Debug|Any CPU
		{3DDD9178-CEB3-4AD2-94EC-60032F277438}.Release|Any CPU.ActiveCfg = Release|Any CPU
		{3DDD9178-CEB3-4AD2-94EC-60032F277438}.Release|Any CPU.Build.0 = Release|Any CPU
	EndGlobalSection
	GlobalSection(SolutionProperties) = preSolution
		HideSolutionNode = FALSE
	EndGlobalSection
	GlobalSection(ExtensibilityGlobals) = postSolution
		SolutionGuid = {50CA3D75-5A65-4FD0-8540-ADEB94018492}
	EndGlobalSection
EndGlobal
